
Microsoft Visual Studio Solution File, Format Version 12.00
# Visual Studio Version 16
VisualStudioVersion = 16.0.31205.134
MinimumVisualStudioVersion = 10.0.40219.1
Project("{FAE04EC0-301F-11D3-BF4B-00C04F79EFBC}") = "fukuv0527", "fukuv0527\fukuv0527.csproj", "{FEF8B0F8-4DE1-4FCC-B9DE-E3F97DE3EDDB}"
EndProject
Global
	GlobalSection(SolutionConfigurationPlatforms) = preSolution
		Debug|Any CPU = Debug|Any CPU
		Release|Any CPU = Release|Any CPU
	EndGlobalSection
	GlobalSection(ProjectConfigurationPlatforms) = postSolution
		{FEF8B0F8-4DE1-4FCC-B9DE-E3F97DE3EDDB}.Debug|Any CPU.ActiveCfg = Debug|Any CPU
		{FEF8B0F8-4DE1-4FCC-B9DE-E3F97DE3EDDB}.Debug|Any CPU.Build.0 = Debug|Any CPU
		{FEF8B0F8-4DE1-4FCC-B9DE-E3F97DE3EDDB}.Release|Any CPU.ActiveCfg = Release|Any CPU
		{FEF8B0F8-4DE1-4FCC-B9DE-E3F97DE3EDDB}.Release|Any CPU.Build.0 = Release|Any CPU
	EndGlobalSection
	GlobalSection(SolutionProperties) = preSolution
		HideSolutionNode = FALSE
	EndGlobalSection
	GlobalSection(ExtensibilityGlobals) = postSolution
		SolutionGuid = {4C35FEED-F2B5-4E24-B24D-4063F7EAD552}
	EndGlobalSection
EndGlobal
